{
  "version": 4,
  "terraform_version": "1.2.9",
  "serial": 58,
  "lineage": "d45418fb-a5c4-5693-4290-80f44d19e315",
  "outputs": {
    "dns_zone_id": {
      "value": "/subscriptions/5acf4d6d-0629-4599-98be-3307f4197cf2/resourceGroups/az104-04a-rg1/providers/Microsoft.Network/dnsZones/tisolution.tech",
      "type": "string"
    },
    "resourcegroup_id": {
      "value": "/subscriptions/5acf4d6d-0629-4599-98be-3307f4197cf2/resourceGroups/az104-04a-rg1",
      "type": "string"
    }
  },
  "resources": [
    {
      "mode": "data",
      "type": "azurerm_dns_zone",
      "name": "domain_name",
      "provider": "provider[\"registry.terraform.io/hashicorp/azurerm\"]",
      "instances": [
        {
          "schema_version": 0,
          "attributes": {
            "id": "/subscriptions/5acf4d6d-0629-4599-98be-3307f4197cf2/resourceGroups/az104-04a-rg1/providers/Microsoft.Network/dnsZones/tisolution.tech",
            "max_number_of_record_sets": 10000,
            "name": "tisolution.tech",
            "name_servers": [
              "ns1-38.azure-dns.com.",
              "ns2-38.azure-dns.net.",
              "ns3-38.azure-dns.org.",
              "ns4-38.azure-dns.info."
            ],
            "number_of_record_sets": 2,
            "resource_group_name": "az104-04a-rg1",
            "tags": {},
            "timeouts": null
          },
          "sensitive_attributes": []
        }
      ]
    },
    {
      "mode": "data",
      "type": "azurerm_resource_group",
      "name": "resourcegroup",
      "provider": "provider[\"registry.terraform.io/hashicorp/azurerm\"]",
      "instances": [
        {
          "schema_version": 0,
          "attributes": {
            "id": "/subscriptions/5acf4d6d-0629-4599-98be-3307f4197cf2/resourceGroups/az104-04a-rg1",
            "location": "eastus2",
            "name": "az104-04a-rg1",
            "tags": {},
            "timeouts": null
          },
          "sensitive_attributes": []
        }
      ]
    },
    {
      "mode": "managed",
      "type": "azurerm_dns_a_record",
      "name": "dns_a_record0",
      "provider": "provider[\"registry.terraform.io/hashicorp/azurerm\"]",
      "instances": [
        {
          "schema_version": 0,
          "attributes": {
            "fqdn": "az104-04-vm0.tisolution.tech.",
            "id": "/subscriptions/5acf4d6d-0629-4599-98be-3307f4197cf2/resourceGroups/az104-04a-rg1/providers/Microsoft.Network/dnsZones/tisolution.tech/A/az104-04-vm0",
            "name": "az104-04-vm0",
            "records": null,
            "resource_group_name": "az104-04a-rg1",
            "tags": null,
            "target_resource_id": "/subscriptions/5acf4d6d-0629-4599-98be-3307f4197cf2/resourceGroups/az104-04a-rg1/providers/Microsoft.Network/publicIPAddresses/az104-04-pip0",
            "timeouts": null,
            "ttl": 1,
            "zone_name": "tisolution.tech"
          },
          "sensitive_attributes": [],
          "private": "eyJlMmJmYjczMC1lY2FhLTExZTYtOGY4OC0zNDM2M2JjN2M0YzAiOnsiY3JlYXRlIjoxODAwMDAwMDAwMDAwLCJkZWxldGUiOjE4MDAwMDAwMDAwMDAsInJlYWQiOjMwMDAwMDAwMDAwMCwidXBkYXRlIjoxODAwMDAwMDAwMDAwfX0=",
          "dependencies": [
            "azurerm_public_ip.publicip0",
            "azurerm_subnet.subnet0",
            "azurerm_virtual_network.vnet1",
            "data.azurerm_dns_zone.domain_name",
            "data.azurerm_resource_group.resourcegroup"
          ]
        }
      ]
    },
    {
      "mode": "managed",
      "type": "azurerm_dns_a_record",
      "name": "dns_a_record1",
      "provider": "provider[\"registry.terraform.io/hashicorp/azurerm\"]",
      "instances": [
        {
          "schema_version": 0,
          "attributes": {
            "fqdn": "az104-04-vm1.tisolution.tech.",
            "id": "/subscriptions/5acf4d6d-0629-4599-98be-3307f4197cf2/resourceGroups/az104-04a-rg1/providers/Microsoft.Network/dnsZones/tisolution.tech/A/az104-04-vm1",
            "name": "az104-04-vm1",
            "records": null,
            "resource_group_name": "az104-04a-rg1",
            "tags": null,
            "target_resource_id": "/subscriptions/5acf4d6d-0629-4599-98be-3307f4197cf2/resourceGroups/az104-04a-rg1/providers/Microsoft.Network/publicIPAddresses/az104-04-pip1",
            "timeouts": null,
            "ttl": 1,
            "zone_name": "tisolution.tech"
          },
          "sensitive_attributes": [],
          "private": "eyJlMmJmYjczMC1lY2FhLTExZTYtOGY4OC0zNDM2M2JjN2M0YzAiOnsiY3JlYXRlIjoxODAwMDAwMDAwMDAwLCJkZWxldGUiOjE4MDAwMDAwMDAwMDAsInJlYWQiOjMwMDAwMDAwMDAwMCwidXBkYXRlIjoxODAwMDAwMDAwMDAwfX0=",
          "dependencies": [
            "azurerm_public_ip.publicip1",
            "azurerm_subnet.subnet1",
            "azurerm_virtual_network.vnet1",
            "data.azurerm_dns_zone.domain_name",
            "data.azurerm_resource_group.resourcegroup"
          ]
        }
      ]
    },
    {
      "mode": "managed",
      "type": "azurerm_network_interface",
      "name": "nic0",
      "provider": "provider[\"registry.terraform.io/hashicorp/azurerm\"]",
      "instances": [
        {
          "schema_version": 0,
          "attributes": {
            "applied_dns_servers": [],
            "dns_servers": [],
            "edge_zone": "",
            "enable_accelerated_networking": false,
            "enable_ip_forwarding": false,
            "id": "/subscriptions/5acf4d6d-0629-4599-98be-3307f4197cf2/resourceGroups/az104-04a-rg1/providers/Microsoft.Network/networkInterfaces/az104-08-nic0",
            "internal_dns_name_label": "",
            "internal_domain_name_suffix": "gfoa5z4mikaejhcldmwscvqhjh.cx.internal.cloudapp.net",
            "ip_configuration": [
              {
                "gateway_load_balancer_frontend_ip_configuration_id": "",
                "name": "az104-04-vm0nicconfiguration",
                "primary": true,
                "private_ip_address": "10.40.0.4",
                "private_ip_address_allocation": "Dynamic",
                "private_ip_address_version": "IPv4",
                "public_ip_address_id": "/subscriptions/5acf4d6d-0629-4599-98be-3307f4197cf2/resourceGroups/az104-04a-rg1/providers/Microsoft.Network/publicIPAddresses/az104-04-pip0",
                "subnet_id": "/subscriptions/5acf4d6d-0629-4599-98be-3307f4197cf2/resourceGroups/az104-04a-rg1/providers/Microsoft.Network/virtualNetworks/az104-04-vnet01/subnets/Subnet0"
              }
            ],
            "location": "eastus2",
            "mac_address": "",
            "name": "az104-08-nic0",
            "private_ip_address": "10.40.0.4",
            "private_ip_addresses": [
              "10.40.0.4"
            ],
            "resource_group_name": "az104-04a-rg1",
            "tags": null,
            "timeouts": null,
            "virtual_machine_id": ""
          },
          "sensitive_attributes": [],
          "private": "eyJlMmJmYjczMC1lY2FhLTExZTYtOGY4OC0zNDM2M2JjN2M0YzAiOnsiY3JlYXRlIjoxODAwMDAwMDAwMDAwLCJkZWxldGUiOjE4MDAwMDAwMDAwMDAsInJlYWQiOjMwMDAwMDAwMDAwMCwidXBkYXRlIjoxODAwMDAwMDAwMDAwfX0=",
          "dependencies": [
            "azurerm_public_ip.publicip0",
            "azurerm_subnet.subnet0",
            "azurerm_virtual_network.vnet1",
            "data.azurerm_resource_group.resourcegroup"
          ]
        }
      ]
    },
    {
      "mode": "managed",
      "type": "azurerm_network_interface",
      "name": "nic1",
      "provider": "provider[\"registry.terraform.io/hashicorp/azurerm\"]",
      "instances": [
        {
          "schema_version": 0,
          "attributes": {
            "applied_dns_servers": [],
            "dns_servers": [],
            "edge_zone": "",
            "enable_accelerated_networking": false,
            "enable_ip_forwarding": false,
            "id": "/subscriptions/5acf4d6d-0629-4599-98be-3307f4197cf2/resourceGroups/az104-04a-rg1/providers/Microsoft.Network/networkInterfaces/az104-08-nic1",
            "internal_dns_name_label": "",
            "internal_domain_name_suffix": "gfoa5z4mikaejhcldmwscvqhjh.cx.internal.cloudapp.net",
            "ip_configuration": [
              {
                "gateway_load_balancer_frontend_ip_configuration_id": "",
                "name": "az104-04-vm1nicconfiguration",
                "primary": true,
                "private_ip_address": "10.40.1.4",
                "private_ip_address_allocation": "Dynamic",
                "private_ip_address_version": "IPv4",
                "public_ip_address_id": "/subscriptions/5acf4d6d-0629-4599-98be-3307f4197cf2/resourceGroups/az104-04a-rg1/providers/Microsoft.Network/publicIPAddresses/az104-04-pip1",
                "subnet_id": "/subscriptions/5acf4d6d-0629-4599-98be-3307f4197cf2/resourceGroups/az104-04a-rg1/providers/Microsoft.Network/virtualNetworks/az104-04-vnet01/subnets/Subnet1"
              }
            ],
            "location": "eastus2",
            "mac_address": "",
            "name": "az104-08-nic1",
            "private_ip_address": "10.40.1.4",
            "private_ip_addresses": [
              "10.40.1.4"
            ],
            "resource_group_name": "az104-04a-rg1",
            "tags": null,
            "timeouts": null,
            "virtual_machine_id": ""
          },
          "sensitive_attributes": [],
          "private": "eyJlMmJmYjczMC1lY2FhLTExZTYtOGY4OC0zNDM2M2JjN2M0YzAiOnsiY3JlYXRlIjoxODAwMDAwMDAwMDAwLCJkZWxldGUiOjE4MDAwMDAwMDAwMDAsInJlYWQiOjMwMDAwMDAwMDAwMCwidXBkYXRlIjoxODAwMDAwMDAwMDAwfX0=",
          "dependencies": [
            "azurerm_public_ip.publicip1",
            "azurerm_subnet.subnet1",
            "azurerm_virtual_network.vnet1",
            "data.azurerm_resource_group.resourcegroup"
          ]
        }
      ]
    },
    {
      "mode": "managed",
      "type": "azurerm_network_interface_security_group_association",
      "name": "connectnic0",
      "provider": "provider[\"registry.terraform.io/hashicorp/azurerm\"]",
      "instances": [
        {
          "schema_version": 0,
          "attributes": {
            "id": "/subscriptions/5acf4d6d-0629-4599-98be-3307f4197cf2/resourceGroups/az104-04a-rg1/providers/Microsoft.Network/networkInterfaces/az104-08-nic0|/subscriptions/5acf4d6d-0629-4599-98be-3307f4197cf2/resourceGroups/az104-04a-rg1/providers/Microsoft.Network/networkSecurityGroups/az104-04-nsg1",
            "network_interface_id": "/subscriptions/5acf4d6d-0629-4599-98be-3307f4197cf2/resourceGroups/az104-04a-rg1/providers/Microsoft.Network/networkInterfaces/az104-08-nic0",
            "network_security_group_id": "/subscriptions/5acf4d6d-0629-4599-98be-3307f4197cf2/resourceGroups/az104-04a-rg1/providers/Microsoft.Network/networkSecurityGroups/az104-04-nsg1",
            "timeouts": null
          },
          "sensitive_attributes": [],
          "private": "eyJlMmJmYjczMC1lY2FhLTExZTYtOGY4OC0zNDM2M2JjN2M0YzAiOnsiY3JlYXRlIjoxODAwMDAwMDAwMDAwLCJkZWxldGUiOjE4MDAwMDAwMDAwMDAsInJlYWQiOjMwMDAwMDAwMDAwMCwidXBkYXRlIjoxODAwMDAwMDAwMDAwfX0=",
          "dependencies": [
            "azurerm_network_interface.nic0",
            "azurerm_network_security_group.nsg",
            "azurerm_public_ip.publicip0",
            "azurerm_public_ip.publicip1",
            "azurerm_subnet.subnet0",
            "azurerm_subnet.subnet1",
            "azurerm_virtual_network.vnet1",
            "data.azurerm_resource_group.resourcegroup"
          ]
        }
      ]
    },
    {
      "mode": "managed",
      "type": "azurerm_network_interface_security_group_association",
      "name": "connectnic1",
      "provider": "provider[\"registry.terraform.io/hashicorp/azurerm\"]",
      "instances": [
        {
          "schema_version": 0,
          "attributes": {
            "id": "/subscriptions/5acf4d6d-0629-4599-98be-3307f4197cf2/resourceGroups/az104-04a-rg1/providers/Microsoft.Network/networkInterfaces/az104-08-nic1|/subscriptions/5acf4d6d-0629-4599-98be-3307f4197cf2/resourceGroups/az104-04a-rg1/providers/Microsoft.Network/networkSecurityGroups/az104-04-nsg1",
            "network_interface_id": "/subscriptions/5acf4d6d-0629-4599-98be-3307f4197cf2/resourceGroups/az104-04a-rg1/providers/Microsoft.Network/networkInterfaces/az104-08-nic1",
            "network_security_group_id": "/subscriptions/5acf4d6d-0629-4599-98be-3307f4197cf2/resourceGroups/az104-04a-rg1/providers/Microsoft.Network/networkSecurityGroups/az104-04-nsg1",
            "timeouts": null
          },
          "sensitive_attributes": [],
          "private": "eyJlMmJmYjczMC1lY2FhLTExZTYtOGY4OC0zNDM2M2JjN2M0YzAiOnsiY3JlYXRlIjoxODAwMDAwMDAwMDAwLCJkZWxldGUiOjE4MDAwMDAwMDAwMDAsInJlYWQiOjMwMDAwMDAwMDAwMCwidXBkYXRlIjoxODAwMDAwMDAwMDAwfX0=",
          "dependencies": [
            "azurerm_network_interface.nic1",
            "azurerm_network_security_group.nsg",
            "azurerm_public_ip.publicip0",
            "azurerm_public_ip.publicip1",
            "azurerm_subnet.subnet0",
            "azurerm_subnet.subnet1",
            "azurerm_virtual_network.vnet1",
            "data.azurerm_resource_group.resourcegroup"
          ]
        }
      ]
    },
    {
      "mode": "managed",
      "type": "azurerm_network_security_group",
      "name": "nsg",
      "provider": "provider[\"registry.terraform.io/hashicorp/azurerm\"]",
      "instances": [
        {
          "schema_version": 0,
          "attributes": {
            "id": "/subscriptions/5acf4d6d-0629-4599-98be-3307f4197cf2/resourceGroups/az104-04a-rg1/providers/Microsoft.Network/networkSecurityGroups/az104-04-nsg1",
            "location": "eastus2",
            "name": "az104-04-nsg1",
            "resource_group_name": "az104-04a-rg1",
            "security_rule": [
              {
                "access": "Allow",
                "description": "",
                "destination_address_prefix": "*",
                "destination_address_prefixes": [],
                "destination_application_security_group_ids": [],
                "destination_port_range": "3389",
                "destination_port_ranges": [],
                "direction": "Inbound",
                "name": "AllowRDPInBound",
                "priority": 300,
                "protocol": "Tcp",
                "source_address_prefix": "*",
                "source_address_prefixes": [],
                "source_application_security_group_ids": [],
                "source_port_range": "3389",
                "source_port_ranges": []
              }
            ],
            "tags": null,
            "timeouts": null
          },
          "sensitive_attributes": [],
          "private": "eyJlMmJmYjczMC1lY2FhLTExZTYtOGY4OC0zNDM2M2JjN2M0YzAiOnsiY3JlYXRlIjoxODAwMDAwMDAwMDAwLCJkZWxldGUiOjE4MDAwMDAwMDAwMDAsInJlYWQiOjMwMDAwMDAwMDAwMCwidXBkYXRlIjoxODAwMDAwMDAwMDAwfX0=",
          "dependencies": [
            "azurerm_public_ip.publicip0",
            "azurerm_public_ip.publicip1",
            "azurerm_subnet.subnet0",
            "azurerm_subnet.subnet1",
            "azurerm_virtual_network.vnet1",
            "data.azurerm_resource_group.resourcegroup"
          ]
        }
      ]
    },
    {
      "mode": "managed",
      "type": "azurerm_private_dns_a_record",
      "name": "private_dns_a_record0",
      "provider": "provider[\"registry.terraform.io/hashicorp/azurerm\"]",
      "instances": [
        {
          "schema_version": 0,
          "attributes": {
            "fqdn": "az104-04-vm0.tisolution.local.",
            "id": "/subscriptions/5acf4d6d-0629-4599-98be-3307f4197cf2/resourceGroups/az104-04a-rg1/providers/Microsoft.Network/privateDnsZones/tisolution.local/A/az104-04-vm0",
            "name": "az104-04-vm0",
            "records": [
              "10.40.0.4"
            ],
            "resource_group_name": "az104-04a-rg1",
            "tags": null,
            "timeouts": null,
            "ttl": 300,
            "zone_name": "tisolution.local"
          },
          "sensitive_attributes": [],
          "private": "eyJlMmJmYjczMC1lY2FhLTExZTYtOGY4OC0zNDM2M2JjN2M0YzAiOnsiY3JlYXRlIjoxODAwMDAwMDAwMDAwLCJkZWxldGUiOjE4MDAwMDAwMDAwMDAsInJlYWQiOjMwMDAwMDAwMDAwMCwidXBkYXRlIjoxODAwMDAwMDAwMDAwfX0=",
          "dependencies": [
            "azurerm_private_dns_zone.private_domain_name",
            "data.azurerm_resource_group.resourcegroup"
          ]
        }
      ]
    },
    {
      "mode": "managed",
      "type": "azurerm_private_dns_a_record",
      "name": "private_dns_a_record1",
      "provider": "provider[\"registry.terraform.io/hashicorp/azurerm\"]",
      "instances": [
        {
          "schema_version": 0,
          "attributes": {
            "fqdn": "az104-04-vm1.tisolution.local.",
            "id": "/subscriptions/5acf4d6d-0629-4599-98be-3307f4197cf2/resourceGroups/az104-04a-rg1/providers/Microsoft.Network/privateDnsZones/tisolution.local/A/az104-04-vm1",
            "name": "az104-04-vm1",
            "records": [
              "10.40.0.5"
            ],
            "resource_group_name": "az104-04a-rg1",
            "tags": null,
            "timeouts": null,
            "ttl": 300,
            "zone_name": "tisolution.local"
          },
          "sensitive_attributes": [],
          "private": "eyJlMmJmYjczMC1lY2FhLTExZTYtOGY4OC0zNDM2M2JjN2M0YzAiOnsiY3JlYXRlIjoxODAwMDAwMDAwMDAwLCJkZWxldGUiOjE4MDAwMDAwMDAwMDAsInJlYWQiOjMwMDAwMDAwMDAwMCwidXBkYXRlIjoxODAwMDAwMDAwMDAwfX0=",
          "dependencies": [
            "azurerm_private_dns_zone.private_domain_name",
            "data.azurerm_resource_group.resourcegroup"
          ]
        }
      ]
    },
    {
      "mode": "managed",
      "type": "azurerm_private_dns_zone",
      "name": "private_domain_name",
      "provider": "provider[\"registry.terraform.io/hashicorp/azurerm\"]",
      "instances": [
        {
          "schema_version": 0,
          "attributes": {
            "id": "/subscriptions/5acf4d6d-0629-4599-98be-3307f4197cf2/resourceGroups/az104-04a-rg1/providers/Microsoft.Network/privateDnsZones/tisolution.local",
            "max_number_of_record_sets": 25000,
            "max_number_of_virtual_network_links": 1000,
            "max_number_of_virtual_network_links_with_registration": 100,
            "name": "tisolution.local",
            "number_of_record_sets": 1,
            "resource_group_name": "az104-04a-rg1",
            "soa_record": [
              {
                "email": "azureprivatedns-host.microsoft.com",
                "expire_time": 2419200,
                "fqdn": "tisolution.local.",
                "host_name": "azureprivatedns.net",
                "minimum_ttl": 10,
                "refresh_time": 3600,
                "retry_time": 300,
                "serial_number": 1,
                "tags": {},
                "ttl": 3600
              }
            ],
            "tags": null,
            "timeouts": null
          },
          "sensitive_attributes": [],
          "private": "eyJlMmJmYjczMC1lY2FhLTExZTYtOGY4OC0zNDM2M2JjN2M0YzAiOnsiY3JlYXRlIjoxODAwMDAwMDAwMDAwLCJkZWxldGUiOjE4MDAwMDAwMDAwMDAsInJlYWQiOjMwMDAwMDAwMDAwMCwidXBkYXRlIjoxODAwMDAwMDAwMDAwfX0=",
          "dependencies": [
            "data.azurerm_resource_group.resourcegroup"
          ]
        }
      ]
    },
    {
      "mode": "managed",
      "type": "azurerm_private_dns_zone_virtual_network_link",
      "name": "dns_zone_link",
      "provider": "provider[\"registry.terraform.io/hashicorp/azurerm\"]",
      "instances": [
        {
          "schema_version": 0,
          "attributes": {
            "id": "/subscriptions/5acf4d6d-0629-4599-98be-3307f4197cf2/resourceGroups/az104-04a-rg1/providers/Microsoft.Network/privateDnsZones/tisolution.local/virtualNetworkLinks/az104-04-vnet1-link",
            "name": "az104-04-vnet1-link",
            "private_dns_zone_name": "tisolution.local",
            "registration_enabled": false,
            "resource_group_name": "az104-04a-rg1",
            "tags": null,
            "timeouts": null,
            "virtual_network_id": "/subscriptions/5acf4d6d-0629-4599-98be-3307f4197cf2/resourceGroups/az104-04a-rg1/providers/Microsoft.Network/virtualNetworks/az104-04-vnet01"
          },
          "sensitive_attributes": [],
          "private": "eyJlMmJmYjczMC1lY2FhLTExZTYtOGY4OC0zNDM2M2JjN2M0YzAiOnsiY3JlYXRlIjoxODAwMDAwMDAwMDAwLCJkZWxldGUiOjE4MDAwMDAwMDAwMDAsInJlYWQiOjMwMDAwMDAwMDAwMCwidXBkYXRlIjoxODAwMDAwMDAwMDAwfX0=",
          "dependencies": [
            "azurerm_private_dns_zone.private_domain_name",
            "azurerm_virtual_network.vnet1",
            "data.azurerm_resource_group.resourcegroup"
          ]
        }
      ]
    },
    {
      "mode": "managed",
      "type": "azurerm_public_ip",
      "name": "publicip0",
      "provider": "provider[\"registry.terraform.io/hashicorp/azurerm\"]",
      "instances": [
        {
          "schema_version": 0,
          "attributes": {
            "allocation_method": "Dynamic",
            "domain_name_label": null,
            "edge_zone": "",
            "fqdn": null,
            "id": "/subscriptions/5acf4d6d-0629-4599-98be-3307f4197cf2/resourceGroups/az104-04a-rg1/providers/Microsoft.Network/publicIPAddresses/az104-04-pip0",
            "idle_timeout_in_minutes": 4,
            "ip_address": "",
            "ip_tags": null,
            "ip_version": "IPv4",
            "location": "eastus2",
            "name": "az104-04-pip0",
            "public_ip_prefix_id": null,
            "resource_group_name": "az104-04a-rg1",
            "reverse_fqdn": null,
            "sku": "Basic",
            "sku_tier": "Regional",
            "tags": {
              "environment": "staging"
            },
            "timeouts": null,
            "zones": null
          },
          "sensitive_attributes": [],
          "private": "eyJlMmJmYjczMC1lY2FhLTExZTYtOGY4OC0zNDM2M2JjN2M0YzAiOnsiY3JlYXRlIjoxODAwMDAwMDAwMDAwLCJkZWxldGUiOjE4MDAwMDAwMDAwMDAsInJlYWQiOjMwMDAwMDAwMDAwMCwidXBkYXRlIjoxODAwMDAwMDAwMDAwfX0=",
          "dependencies": [
            "azurerm_subnet.subnet0",
            "azurerm_virtual_network.vnet1",
            "data.azurerm_resource_group.resourcegroup"
          ]
        }
      ]
    },
    {
      "mode": "managed",
      "type": "azurerm_public_ip",
      "name": "publicip1",
      "provider": "provider[\"registry.terraform.io/hashicorp/azurerm\"]",
      "instances": [
        {
          "schema_version": 0,
          "attributes": {
            "allocation_method": "Dynamic",
            "domain_name_label": null,
            "edge_zone": "",
            "fqdn": null,
            "id": "/subscriptions/5acf4d6d-0629-4599-98be-3307f4197cf2/resourceGroups/az104-04a-rg1/providers/Microsoft.Network/publicIPAddresses/az104-04-pip1",
            "idle_timeout_in_minutes": 4,
            "ip_address": "",
            "ip_tags": null,
            "ip_version": "IPv4",
            "location": "eastus2",
            "name": "az104-04-pip1",
            "public_ip_prefix_id": null,
            "resource_group_name": "az104-04a-rg1",
            "reverse_fqdn": null,
            "sku": "Basic",
            "sku_tier": "Regional",
            "tags": {
              "environment": "staging"
            },
            "timeouts": null,
            "zones": null
          },
          "sensitive_attributes": [],
          "private": "eyJlMmJmYjczMC1lY2FhLTExZTYtOGY4OC0zNDM2M2JjN2M0YzAiOnsiY3JlYXRlIjoxODAwMDAwMDAwMDAwLCJkZWxldGUiOjE4MDAwMDAwMDAwMDAsInJlYWQiOjMwMDAwMDAwMDAwMCwidXBkYXRlIjoxODAwMDAwMDAwMDAwfX0=",
          "dependencies": [
            "azurerm_subnet.subnet1",
            "azurerm_virtual_network.vnet1",
            "data.azurerm_resource_group.resourcegroup"
          ]
        }
      ]
    },
    {
      "mode": "managed",
      "type": "azurerm_subnet",
      "name": "subnet0",
      "provider": "provider[\"registry.terraform.io/hashicorp/azurerm\"]",
      "instances": [
        {
          "schema_version": 0,
          "attributes": {
            "address_prefixes": [
              "10.40.0.0/24"
            ],
            "delegation": [],
            "enforce_private_link_endpoint_network_policies": false,
            "enforce_private_link_service_network_policies": false,
            "id": "/subscriptions/5acf4d6d-0629-4599-98be-3307f4197cf2/resourceGroups/az104-04a-rg1/providers/Microsoft.Network/virtualNetworks/az104-04-vnet01/subnets/Subnet0",
            "name": "Subnet0",
            "private_endpoint_network_policies_enabled": true,
            "private_link_service_network_policies_enabled": true,
            "resource_group_name": "az104-04a-rg1",
            "service_endpoint_policy_ids": null,
            "service_endpoints": null,
            "timeouts": null,
            "virtual_network_name": "az104-04-vnet01"
          },
          "sensitive_attributes": [],
          "private": "eyJlMmJmYjczMC1lY2FhLTExZTYtOGY4OC0zNDM2M2JjN2M0YzAiOnsiY3JlYXRlIjoxODAwMDAwMDAwMDAwLCJkZWxldGUiOjE4MDAwMDAwMDAwMDAsInJlYWQiOjMwMDAwMDAwMDAwMCwidXBkYXRlIjoxODAwMDAwMDAwMDAwfX0=",
          "dependencies": [
            "azurerm_virtual_network.vnet1",
            "data.azurerm_resource_group.resourcegroup"
          ]
        }
      ]
    },
    {
      "mode": "managed",
      "type": "azurerm_subnet",
      "name": "subnet1",
      "provider": "provider[\"registry.terraform.io/hashicorp/azurerm\"]",
      "instances": [
        {
          "schema_version": 0,
          "attributes": {
            "address_prefixes": [
              "10.40.1.0/24"
            ],
            "delegation": [],
            "enforce_private_link_endpoint_network_policies": false,
            "enforce_private_link_service_network_policies": false,
            "id": "/subscriptions/5acf4d6d-0629-4599-98be-3307f4197cf2/resourceGroups/az104-04a-rg1/providers/Microsoft.Network/virtualNetworks/az104-04-vnet01/subnets/Subnet1",
            "name": "Subnet1",
            "private_endpoint_network_policies_enabled": true,
            "private_link_service_network_policies_enabled": true,
            "resource_group_name": "az104-04a-rg1",
            "service_endpoint_policy_ids": null,
            "service_endpoints": null,
            "timeouts": null,
            "virtual_network_name": "az104-04-vnet01"
          },
          "sensitive_attributes": [],
          "private": "eyJlMmJmYjczMC1lY2FhLTExZTYtOGY4OC0zNDM2M2JjN2M0YzAiOnsiY3JlYXRlIjoxODAwMDAwMDAwMDAwLCJkZWxldGUiOjE4MDAwMDAwMDAwMDAsInJlYWQiOjMwMDAwMDAwMDAwMCwidXBkYXRlIjoxODAwMDAwMDAwMDAwfX0=",
          "dependencies": [
            "azurerm_virtual_network.vnet1",
            "data.azurerm_resource_group.resourcegroup"
          ]
        }
      ]
    },
    {
      "mode": "managed",
      "type": "azurerm_virtual_network",
      "name": "vnet1",
      "provider": "provider[\"registry.terraform.io/hashicorp/azurerm\"]",
      "instances": [
        {
          "schema_version": 0,
          "attributes": {
            "address_space": [
              "10.40.0.0/20"
            ],
            "bgp_community": "",
            "ddos_protection_plan": [],
            "dns_servers": [],
            "edge_zone": "",
            "flow_timeout_in_minutes": 0,
            "guid": "e70f5c31-42cc-4480-9c4b-1b2d2156074f",
            "id": "/subscriptions/5acf4d6d-0629-4599-98be-3307f4197cf2/resourceGroups/az104-04a-rg1/providers/Microsoft.Network/virtualNetworks/az104-04-vnet01",
            "location": "eastus2",
            "name": "az104-04-vnet01",
            "resource_group_name": "az104-04a-rg1",
            "subnet": [],
            "tags": null,
            "timeouts": null
          },
          "sensitive_attributes": [],
          "private": "eyJlMmJmYjczMC1lY2FhLTExZTYtOGY4OC0zNDM2M2JjN2M0YzAiOnsiY3JlYXRlIjoxODAwMDAwMDAwMDAwLCJkZWxldGUiOjE4MDAwMDAwMDAwMDAsInJlYWQiOjMwMDAwMDAwMDAwMCwidXBkYXRlIjoxODAwMDAwMDAwMDAwfX0=",
          "dependencies": [
            "data.azurerm_resource_group.resourcegroup"
          ]
        }
      ]
    },
    {
      "mode": "managed",
      "type": "azurerm_windows_virtual_machine",
      "name": "name0",
      "provider": "provider[\"registry.terraform.io/hashicorp/azurerm\"]",
      "instances": [
        {
          "schema_version": 0,
          "attributes": {
            "additional_capabilities": [],
            "additional_unattend_content": [],
            "admin_password": "Q1w2e3r4t5%y",
            "admin_username": "lab.azuser",
            "allow_extension_operations": true,
            "availability_set_id": "",
            "boot_diagnostics": [],
            "capacity_reservation_group_id": "",
            "computer_name": "az104-04-vm0",
            "custom_data": null,
            "dedicated_host_group_id": "",
            "dedicated_host_id": "",
            "edge_zone": "",
            "enable_automatic_updates": true,
            "encryption_at_host_enabled": false,
            "eviction_policy": "",
            "extensions_time_budget": "PT1H30M",
            "hotpatching_enabled": false,
            "id": "/subscriptions/5acf4d6d-0629-4599-98be-3307f4197cf2/resourceGroups/az104-04a-rg1/providers/Microsoft.Compute/virtualMachines/az104-04-vm0",
            "identity": [],
            "license_type": "",
            "location": "eastus2",
            "max_bid_price": -1,
            "name": "az104-04-vm0",
            "network_interface_ids": [
              "/subscriptions/5acf4d6d-0629-4599-98be-3307f4197cf2/resourceGroups/az104-04a-rg1/providers/Microsoft.Network/networkInterfaces/az104-08-nic0"
            ],
            "os_disk": [
              {
                "caching": "ReadWrite",
                "diff_disk_settings": [],
                "disk_encryption_set_id": "",
                "disk_size_gb": 127,
                "name": "az104-04-vm0_osdisk",
                "secure_vm_disk_encryption_set_id": "",
                "security_encryption_type": "",
                "storage_account_type": "Standard_LRS",
                "write_accelerator_enabled": false
              }
            ],
            "patch_mode": "AutomaticByOS",
            "plan": [],
            "platform_fault_domain": -1,
            "priority": "Regular",
            "private_ip_address": "10.40.0.4",
            "private_ip_addresses": [
              "10.40.0.4"
            ],
            "provision_vm_agent": true,
            "proximity_placement_group_id": "",
            "public_ip_address": "20.65.105.17",
            "public_ip_addresses": [
              "20.65.105.17"
            ],
            "resource_group_name": "az104-04a-rg1",
            "secret": [],
            "secure_boot_enabled": false,
            "size": "Standard_B2s",
            "source_image_id": "",
            "source_image_reference": [
              {
                "offer": "WindowsServer",
                "publisher": "MicrosoftWindowsServer",
                "sku": "2019-Datacenter",
                "version": "latest"
              }
            ],
            "tags": null,
            "termination_notification": null,
            "timeouts": null,
            "timezone": "",
            "user_data": "",
            "virtual_machine_id": "38eb3097-3ad4-4c9a-8f34-4ef275d0bae3",
            "virtual_machine_scale_set_id": "",
            "vtpm_enabled": false,
            "winrm_listener": [],
            "zone": ""
          },
          "sensitive_attributes": [],
          "private": "eyJlMmJmYjczMC1lY2FhLTExZTYtOGY4OC0zNDM2M2JjN2M0YzAiOnsiY3JlYXRlIjoyNzAwMDAwMDAwMDAwLCJkZWxldGUiOjI3MDAwMDAwMDAwMDAsInJlYWQiOjMwMDAwMDAwMDAwMCwidXBkYXRlIjoyNzAwMDAwMDAwMDAwfX0=",
          "dependencies": [
            "azurerm_network_interface.nic0",
            "azurerm_public_ip.publicip0",
            "azurerm_subnet.subnet0",
            "azurerm_virtual_network.vnet1",
            "data.azurerm_resource_group.resourcegroup"
          ]
        }
      ]
    },
    {
      "mode": "managed",
      "type": "azurerm_windows_virtual_machine",
      "name": "name1",
      "provider": "provider[\"registry.terraform.io/hashicorp/azurerm\"]",
      "instances": [
        {
          "schema_version": 0,
          "attributes": {
            "additional_capabilities": [],
            "additional_unattend_content": [],
            "admin_password": "Q1w2e3r4t5%y",
            "admin_username": "lab.azuser",
            "allow_extension_operations": true,
            "availability_set_id": "",
            "boot_diagnostics": [],
            "capacity_reservation_group_id": "",
            "computer_name": "az104-04-vm1",
            "custom_data": null,
            "dedicated_host_group_id": "",
            "dedicated_host_id": "",
            "edge_zone": "",
            "enable_automatic_updates": true,
            "encryption_at_host_enabled": false,
            "eviction_policy": "",
            "extensions_time_budget": "PT1H30M",
            "hotpatching_enabled": false,
            "id": "/subscriptions/5acf4d6d-0629-4599-98be-3307f4197cf2/resourceGroups/az104-04a-rg1/providers/Microsoft.Compute/virtualMachines/az104-04-vm1",
            "identity": [],
            "license_type": "",
            "location": "eastus2",
            "max_bid_price": -1,
            "name": "az104-04-vm1",
            "network_interface_ids": [
              "/subscriptions/5acf4d6d-0629-4599-98be-3307f4197cf2/resourceGroups/az104-04a-rg1/providers/Microsoft.Network/networkInterfaces/az104-08-nic1"
            ],
            "os_disk": [
              {
                "caching": "ReadWrite",
                "diff_disk_settings": [],
                "disk_encryption_set_id": "",
                "disk_size_gb": 127,
                "name": "az104-04-vm1_osdisk",
                "secure_vm_disk_encryption_set_id": "",
                "security_encryption_type": "",
                "storage_account_type": "Standard_LRS",
                "write_accelerator_enabled": false
              }
            ],
            "patch_mode": "AutomaticByOS",
            "plan": [],
            "platform_fault_domain": -1,
            "priority": "Regular",
            "private_ip_address": "10.40.1.4",
            "private_ip_addresses": [
              "10.40.1.4"
            ],
            "provision_vm_agent": true,
            "proximity_placement_group_id": "",
            "public_ip_address": "20.14.157.40",
            "public_ip_addresses": [
              "20.14.157.40"
            ],
            "resource_group_name": "az104-04a-rg1",
            "secret": [],
            "secure_boot_enabled": false,
            "size": "Standard_B2s",
            "source_image_id": "",
            "source_image_reference": [
              {
                "offer": "WindowsServer",
                "publisher": "MicrosoftWindowsServer",
                "sku": "2019-Datacenter",
                "version": "latest"
              }
            ],
            "tags": null,
            "termination_notification": null,
            "timeouts": null,
            "timezone": "",
            "user_data": "",
            "virtual_machine_id": "432652a8-6944-4c76-9616-29c8bc48487d",
            "virtual_machine_scale_set_id": "",
            "vtpm_enabled": false,
            "winrm_listener": [],
            "zone": ""
          },
          "sensitive_attributes": [],
          "private": "eyJlMmJmYjczMC1lY2FhLTExZTYtOGY4OC0zNDM2M2JjN2M0YzAiOnsiY3JlYXRlIjoyNzAwMDAwMDAwMDAwLCJkZWxldGUiOjI3MDAwMDAwMDAwMDAsInJlYWQiOjMwMDAwMDAwMDAwMCwidXBkYXRlIjoyNzAwMDAwMDAwMDAwfX0=",
          "dependencies": [
            "azurerm_network_interface.nic0",
            "azurerm_network_interface.nic1",
            "azurerm_public_ip.publicip0",
            "azurerm_public_ip.publicip1",
            "azurerm_subnet.subnet0",
            "azurerm_subnet.subnet1",
            "azurerm_virtual_network.vnet1",
            "azurerm_windows_virtual_machine.name0",
            "data.azurerm_resource_group.resourcegroup"
          ]
        }
      ]
    }
  ]
}
